
Microsoft Visual Studio Solution File, Format Version 12.00
# Visual Studio 15
VisualStudioVersion = 15.0.26730.3
MinimumVisualStudioVersion = 10.0.40219.1
Project("{9A19103F-16F7-4668-BE54-9A1E7A4F7556}") = "ionix.Utils", "ionix.Utils\ionix.Utils.csproj", "{8BEB387D-D0A4-43F9-85B4-9F9D226E0784}"
EndProject
Project("{9A19103F-16F7-4668-BE54-9A1E7A4F7556}") = "ionix.Data", "ionix.Data\ionix.Data.csproj", "{E0AD5B75-177E-4BBD-AF38-8A767663A016}"
EndProject
Project("{9A19103F-16F7-4668-BE54-9A1E7A4F7556}") = "ionix.DataTests", "ionix.DataTests\ionix.DataTests.csproj", "{C84687F7-D7D6-4565-BC1B-6A456DA36E23}"
EndProject
Project("{9A19103F-16F7-4668-BE54-9A1E7A4F7556}") = "ionix.Annotation", "ionix.Annotation\ionix.Annotation.csproj", "{D2AA0F8A-88CF-4C9D-8956-8AE9551BF81A}"
EndProject
Project("{9A19103F-16F7-4668-BE54-9A1E7A4F7556}") = "ionix.Data.SqlServer", "ionix.Data.SqlServer\ionix.Data.SqlServer.csproj", "{3382D39B-BF35-430B-9CB1-08FBDC271682}"
EndProject
Project("{9A19103F-16F7-4668-BE54-9A1E7A4F7556}") = "ionix.Data.Oracle", "ionix.Data.Oracle\ionix.Data.Oracle.csproj", "{1FECA5FC-732A-448B-9A61-36486F8808A9}"
EndProject
Project("{9A19103F-16F7-4668-BE54-9A1E7A4F7556}") = "ionix.Data.PostgreSql", "ionix.Data.PostgreSql\ionix.Data.PostgreSql.csproj", "{3D901037-0935-4024-A5DD-029A8F98BDB4}"
EndProject
Project("{9A19103F-16F7-4668-BE54-9A1E7A4F7556}") = "ionix.Data.SQLite", "ionix.Data.SQLite\ionix.Data.SQLite.csproj", "{5A9257BD-1D9F-44AE-BEB8-C46D3044FF42}"
EndProject
Project("{2150E333-8FDC-42A3-9474-1A3956D46DE8}") = "Data", "Data", "{C2FF72AC-8CCE-4645-A14C-11BCECE9D759}"
EndProject
Project("{2150E333-8FDC-42A3-9474-1A3956D46DE8}") = "Utils", "Utils", "{422362C5-0C3C-4CC9-A34F-79D8C13D540B}"
EndProject
Project("{2150E333-8FDC-42A3-9474-1A3956D46DE8}") = "Log", "Log", "{7102EF47-BEA1-4861-B929-216138B62467}"
EndProject
Project("{9A19103F-16F7-4668-BE54-9A1E7A4F7556}") = "SQLog", "SQLog\SQLog.csproj", "{70B6E834-ED51-437E-BE52-FDB599C8E282}"
EndProject
Project("{9A19103F-16F7-4668-BE54-9A1E7A4F7556}") = "SQLogTests", "SQLogTests\SQLogTests.csproj", "{8EAFE986-27F8-4BA0-8BF2-3B1F60636862}"
EndProject
Project("{2150E333-8FDC-42A3-9474-1A3956D46DE8}") = "Rest", "Rest", "{9D63A6DE-513E-459E-A43D-8367FCA81A2F}"
EndProject
Project("{9A19103F-16F7-4668-BE54-9A1E7A4F7556}") = "ionix.Rest", "ionix.Rest\ionix.Rest.csproj", "{277B0317-4DC4-4D1D-A679-46EA1470A33C}"
EndProject
Project("{9A19103F-16F7-4668-BE54-9A1E7A4F7556}") = "ionix.Data.Mongo", "ionix.Data.MongoDB\ionix.Data.Mongo.csproj", "{EC9BB983-C0B8-48DA-B6E0-C4B499133825}"
EndProject
Project("{9A19103F-16F7-4668-BE54-9A1E7A4F7556}") = "ionix.MongoTests", "ionix.MongoTests\ionix.MongoTests.csproj", "{F5C6F3E5-D09A-4D1B-8296-2AA13EE7116A}"
EndProject
Project("{FAE04EC0-301F-11D3-BF4B-00C04F79EFBC}") = "ionix.RestTests", "ionix.RestTests\ionix.RestTests.csproj", "{E29D78C2-9713-4423-B13F-F3456127B852}"
EndProject
Global
	GlobalSection(SolutionConfigurationPlatforms) = preSolution
		Debug|Any CPU = Debug|Any CPU
		Release|Any CPU = Release|Any CPU
	EndGlobalSection
	GlobalSection(ProjectConfigurationPlatforms) = postSolution
		{8BEB387D-D0A4-43F9-85B4-9F9D226E0784}.Debug|Any CPU.ActiveCfg = Debug|Any CPU
		{8BEB387D-D0A4-43F9-85B4-9F9D226E0784}.Debug|Any CPU.Build.0 = Debug|Any CPU
		{8BEB387D-D0A4-43F9-85B4-9F9D226E0784}.Release|Any CPU.ActiveCfg = Release|Any CPU
		{8BEB387D-D0A4-43F9-85B4-9F9D226E0784}.Release|Any CPU.Build.0 = Release|Any CPU
		{E0AD5B75-177E-4BBD-AF38-8A767663A016}.Debug|Any CPU.ActiveCfg = Debug|Any CPU
		{E0AD5B75-177E-4BBD-AF38-8A767663A016}.Debug|Any CPU.Build.0 = Debug|Any CPU
		{E0AD5B75-177E-4BBD-AF38-8A767663A016}.Release|Any CPU.ActiveCfg = Release|Any CPU
		{E0AD5B75-177E-4BBD-AF38-8A767663A016}.Release|Any CPU.Build.0 = Release|Any CPU
		{C84687F7-D7D6-4565-BC1B-6A456DA36E23}.Debug|Any CPU.ActiveCfg = Debug|Any CPU
		{C84687F7-D7D6-4565-BC1B-6A456DA36E23}.Debug|Any CPU.Build.0 = Debug|Any CPU
		{C84687F7-D7D6-4565-BC1B-6A456DA36E23}.Release|Any CPU.ActiveCfg = Release|Any CPU
		{C84687F7-D7D6-4565-BC1B-6A456DA36E23}.Release|Any CPU.Build.0 = Release|Any CPU
		{D2AA0F8A-88CF-4C9D-8956-8AE9551BF81A}.Debug|Any CPU.ActiveCfg = Debug|Any CPU
		{D2AA0F8A-88CF-4C9D-8956-8AE9551BF81A}.Debug|Any CPU.Build.0 = Debug|Any CPU
		{D2AA0F8A-88CF-4C9D-8956-8AE9551BF81A}.Release|Any CPU.ActiveCfg = Release|Any CPU
		{D2AA0F8A-88CF-4C9D-8956-8AE9551BF81A}.Release|Any CPU.Build.0 = Release|Any CPU
		{3382D39B-BF35-430B-9CB1-08FBDC271682}.Debug|Any CPU.ActiveCfg = Debug|Any CPU
		{3382D39B-BF35-430B-9CB1-08FBDC271682}.Debug|Any CPU.Build.0 = Debug|Any CPU
		{3382D39B-BF35-430B-9CB1-08FBDC271682}.Release|Any CPU.ActiveCfg = Release|Any CPU
		{3382D39B-BF35-430B-9CB1-08FBDC271682}.Release|Any CPU.Build.0 = Release|Any CPU
		{1FECA5FC-732A-448B-9A61-36486F8808A9}.Debug|Any CPU.ActiveCfg = Debug|Any CPU
		{1FECA5FC-732A-448B-9A61-36486F8808A9}.Debug|Any CPU.Build.0 = Debug|Any CPU
		{1FECA5FC-732A-448B-9A61-36486F8808A9}.Release|Any CPU.ActiveCfg = Release|Any CPU
		{1FECA5FC-732A-448B-9A61-36486F8808A9}.Release|Any CPU.Build.0 = Release|Any CPU
		{3D901037-0935-4024-A5DD-029A8F98BDB4}.Debug|Any CPU.ActiveCfg = Debug|Any CPU
		{3D901037-0935-4024-A5DD-029A8F98BDB4}.Debug|Any CPU.Build.0 = Debug|Any CPU
		{3D901037-0935-4024-A5DD-029A8F98BDB4}.Release|Any CPU.ActiveCfg = Release|Any CPU
		{3D901037-0935-4024-A5DD-029A8F98BDB4}.Release|Any CPU.Build.0 = Release|Any CPU
		{5A9257BD-1D9F-44AE-BEB8-C46D3044FF42}.Debug|Any CPU.ActiveCfg = Debug|Any CPU
		{5A9257BD-1D9F-44AE-BEB8-C46D3044FF42}.Debug|Any CPU.Build.0 = Debug|Any CPU
		{5A9257BD-1D9F-44AE-BEB8-C46D3044FF42}.Release|Any CPU.ActiveCfg = Release|Any CPU
		{5A9257BD-1D9F-44AE-BEB8-C46D3044FF42}.Release|Any CPU.Build.0 = Release|Any CPU
		{70B6E834-ED51-437E-BE52-FDB599C8E282}.Debug|Any CPU.ActiveCfg = Debug|Any CPU
		{70B6E834-ED51-437E-BE52-FDB599C8E282}.Debug|Any CPU.Build.0 = Debug|Any CPU
		{70B6E834-ED51-437E-BE52-FDB599C8E282}.Release|Any CPU.ActiveCfg = Release|Any CPU
		{70B6E834-ED51-437E-BE52-FDB599C8E282}.Release|Any CPU.Build.0 = Release|Any CPU
		{8EAFE986-27F8-4BA0-8BF2-3B1F60636862}.Debug|Any CPU.ActiveCfg = Debug|Any CPU
		{8EAFE986-27F8-4BA0-8BF2-3B1F60636862}.Debug|Any CPU.Build.0 = Debug|Any CPU
		{8EAFE986-27F8-4BA0-8BF2-3B1F60636862}.Release|Any CPU.ActiveCfg = Release|Any CPU
		{8EAFE986-27F8-4BA0-8BF2-3B1F60636862}.Release|Any CPU.Build.0 = Release|Any CPU
		{277B0317-4DC4-4D1D-A679-46EA1470A33C}.Debug|Any CPU.ActiveCfg = Debug|Any CPU
		{277B0317-4DC4-4D1D-A679-46EA1470A33C}.Debug|Any CPU.Build.0 = Debug|Any CPU
		{277B0317-4DC4-4D1D-A679-46EA1470A33C}.Release|Any CPU.ActiveCfg = Release|Any CPU
		{277B0317-4DC4-4D1D-A679-46EA1470A33C}.Release|Any CPU.Build.0 = Release|Any CPU
		{EC9BB983-C0B8-48DA-B6E0-C4B499133825}.Debug|Any CPU.ActiveCfg = Debug|Any CPU
		{EC9BB983-C0B8-48DA-B6E0-C4B499133825}.Debug|Any CPU.Build.0 = Debug|Any CPU
		{EC9BB983-C0B8-48DA-B6E0-C4B499133825}.Release|Any CPU.ActiveCfg = Release|Any CPU
		{EC9BB983-C0B8-48DA-B6E0-C4B499133825}.Release|Any CPU.Build.0 = Release|Any CPU
		{F5C6F3E5-D09A-4D1B-8296-2AA13EE7116A}.Debug|Any CPU.ActiveCfg = Debug|Any CPU
		{F5C6F3E5-D09A-4D1B-8296-2AA13EE7116A}.Debug|Any CPU.Build.0 = Debug|Any CPU
		{F5C6F3E5-D09A-4D1B-8296-2AA13EE7116A}.Release|Any CPU.ActiveCfg = Release|Any CPU
		{F5C6F3E5-D09A-4D1B-8296-2AA13EE7116A}.Release|Any CPU.Build.0 = Release|Any CPU
		{E29D78C2-9713-4423-B13F-F3456127B852}.Debug|Any CPU.ActiveCfg = Debug|Any CPU
		{E29D78C2-9713-4423-B13F-F3456127B852}.Debug|Any CPU.Build.0 = Debug|Any CPU
		{E29D78C2-9713-4423-B13F-F3456127B852}.Release|Any CPU.ActiveCfg = Release|Any CPU
		{E29D78C2-9713-4423-B13F-F3456127B852}.Release|Any CPU.Build.0 = Release|Any CPU
	EndGlobalSection
	GlobalSection(SolutionProperties) = preSolution
		HideSolutionNode = FALSE
	EndGlobalSection
	GlobalSection(NestedProjects) = preSolution
		{8BEB387D-D0A4-43F9-85B4-9F9D226E0784} = {422362C5-0C3C-4CC9-A34F-79D8C13D540B}
		{E0AD5B75-177E-4BBD-AF38-8A767663A016} = {C2FF72AC-8CCE-4645-A14C-11BCECE9D759}
		{C84687F7-D7D6-4565-BC1B-6A456DA36E23} = {C2FF72AC-8CCE-4645-A14C-11BCECE9D759}
		{D2AA0F8A-88CF-4C9D-8956-8AE9551BF81A} = {422362C5-0C3C-4CC9-A34F-79D8C13D540B}
		{3382D39B-BF35-430B-9CB1-08FBDC271682} = {C2FF72AC-8CCE-4645-A14C-11BCECE9D759}
		{1FECA5FC-732A-448B-9A61-36486F8808A9} = {C2FF72AC-8CCE-4645-A14C-11BCECE9D759}
		{3D901037-0935-4024-A5DD-029A8F98BDB4} = {C2FF72AC-8CCE-4645-A14C-11BCECE9D759}
		{5A9257BD-1D9F-44AE-BEB8-C46D3044FF42} = {C2FF72AC-8CCE-4645-A14C-11BCECE9D759}
		{70B6E834-ED51-437E-BE52-FDB599C8E282} = {7102EF47-BEA1-4861-B929-216138B62467}
		{8EAFE986-27F8-4BA0-8BF2-3B1F60636862} = {7102EF47-BEA1-4861-B929-216138B62467}
		{277B0317-4DC4-4D1D-A679-46EA1470A33C} = {9D63A6DE-513E-459E-A43D-8367FCA81A2F}
		{EC9BB983-C0B8-48DA-B6E0-C4B499133825} = {C2FF72AC-8CCE-4645-A14C-11BCECE9D759}
		{F5C6F3E5-D09A-4D1B-8296-2AA13EE7116A} = {C2FF72AC-8CCE-4645-A14C-11BCECE9D759}
		{E29D78C2-9713-4423-B13F-F3456127B852} = {9D63A6DE-513E-459E-A43D-8367FCA81A2F}
	EndGlobalSection
	GlobalSection(ExtensibilityGlobals) = postSolution
		SolutionGuid = {F697CD57-1B75-4708-8B35-46741F2390D6}
	EndGlobalSection
EndGlobal
